
Microsoft Visual Studio Solution File, Format Version 12.00
# Visual Studio Version 17
VisualStudioVersion = 17.13.35806.99 d17.13
MinimumVisualStudioVersion = 10.0.40219.1
Project("{8BC9CEB8-8B4A-11D0-8D11-00A0C91BC942}") = "dan", "dan\dan.vcxproj", "{273D4F08-03F9-4700-9A8E-1490991E9220}"
EndProject
Global
	GlobalSection(SolutionConfigurationPlatforms) = preSolution
		Debug|x64 = Debug|x64
		Debug|x86 = Debug|x86
		Release|x64 = Release|x64
		Release|x86 = Release|x86
	EndGlobalSection
	GlobalSection(ProjectConfigurationPlatforms) = postSolution
		{273D4F08-03F9-4700-9A8E-1490991E9220}.Debug|x64.ActiveCfg = Debug|x64
		{273D4F08-03F9-4700-9A8E-1490991E9220}.Debug|x64.Build.0 = Debug|x64
		{273D4F08-03F9-4700-9A8E-1490991E9220}.Debug|x86.ActiveCfg = Debug|Win32
		{273D4F08-03F9-4700-9A8E-1490991E9220}.Debug|x86.Build.0 = Debug|Win32
		{273D4F08-03F9-4700-9A8E-1490991E9220}.Release|x64.ActiveCfg = Release|x64
		{273D4F08-03F9-4700-9A8E-1490991E9220}.Release|x64.Build.0 = Release|x64
		{273D4F08-03F9-4700-9A8E-1490991E9220}.Release|x86.ActiveCfg = Release|Win32
		{273D4F08-03F9-4700-9A8E-1490991E9220}.Release|x86.Build.0 = Release|Win32
	EndGlobalSection
	GlobalSection(SolutionProperties) = preSolution
		HideSolutionNode = FALSE
	EndGlobalSection
	GlobalSection(ExtensibilityGlobals) = postSolution
		SolutionGuid = {BB39A3AB-33A2-4591-AD43-D4220A4D5124}
	EndGlobalSection
EndGlobal
